
Microsoft Visual Studio Solution File, Format Version 12.00
# Visual Studio Version 17
VisualStudioVersion = 17.7.34031.279
MinimumVisualStudioVersion = 10.0.40219.1
Project("{888888A0-9F3D-457C-B088-3A5042F75D52}") = "PhoneDirectory", "PhoneDirectory.pyproj", "{3050DE92-3305-467F-8608-07E21A09EE2F}"
EndProject
Global
	GlobalSection(SolutionConfigurationPlatforms) = preSolution
		Debug|Any CPU = Debug|Any CPU
		Release|Any CPU = Release|Any CPU
	EndGlobalSection
	GlobalSection(ProjectConfigurationPlatforms) = postSolution
		{3050DE92-3305-467F-8608-07E21A09EE2F}.Debug|Any CPU.ActiveCfg = Debug|Any CPU
		{3050DE92-3305-467F-8608-07E21A09EE2F}.Release|Any CPU.ActiveCfg = Release|Any CPU
	EndGlobalSection
	GlobalSection(SolutionProperties) = preSolution
		HideSolutionNode = FALSE
	EndGlobalSection
	GlobalSection(ExtensibilityGlobals) = postSolution
		SolutionGuid = {4B507252-B332-42BA-BAC7-2FBC195BB332}
	EndGlobalSection
EndGlobal
